// !$*UTF8*$!
{
	archiveVersion = 1;
	classes = {
	};
	objectVersion = 50;
	objects = {

/* Begin PBXBuildFile section */
		20BF17F024DD4E4600BE74C8 /* OpenClosePrinciple.swift in Sources */ = {isa = PBXBuildFile; fileRef = 20BF17EF24DD4E4600BE74C8 /* OpenClosePrinciple.swift */; };
		20BF17F324DD56C500BE74C8 /* LiskovSubtitution.swift in Sources */ = {isa = PBXBuildFile; fileRef = 20BF17F224DD56C500BE74C8 /* LiskovSubtitution.swift */; };
		20C5195A24DD09CC000EBBAE /* FoodService.swift in Sources */ = {isa = PBXBuildFile; fileRef = 20C5195924DD09CC000EBBAE /* FoodService.swift */; };
		20C5195C24DD0AF7000EBBAE /* FoodExpiry.swift in Sources */ = {isa = PBXBuildFile; fileRef = 20C5195B24DD0AF7000EBBAE /* FoodExpiry.swift */; };
		20FC7A6024DCA71E00FC942B /* main.swift in Sources */ = {isa = PBXBuildFile; fileRef = 20FC7A5F24DCA71E00FC942B /* main.swift */; };
		20FC7A6724DCAC3F00FC942B /* Kucing.swift in Sources */ = {isa = PBXBuildFile; fileRef = 20FC7A6624DCAC3F00FC942B /* Kucing.swift */; };
		20FC7A6924DCB66900FC942B /* Inheritance.swift in Sources */ = {isa = PBXBuildFile; fileRef = 20FC7A6824DCB66900FC942B /* Inheritance.swift */; };
		20FC7A6B24DCB9AE00FC942B /* Encapsulation.swift in Sources */ = {isa = PBXBuildFile; fileRef = 20FC7A6A24DCB9AE00FC942B /* Encapsulation.swift */; };
		20FC7A6D24DCBD1B00FC942B /* Polymorphism.swift in Sources */ = {isa = PBXBuildFile; fileRef = 20FC7A6C24DCBD1B00FC942B /* Polymorphism.swift */; };
		20FC7A6F24DCD7F100FC942B /* Relationship.swift in Sources */ = {isa = PBXBuildFile; fileRef = 20FC7A6E24DCD7F100FC942B /* Relationship.swift */; };
/* End PBXBuildFile section */

/* Begin PBXCopyFilesBuildPhase section */
		20FC7A5A24DCA71E00FC942B /* CopyFiles */ = {
			isa = PBXCopyFilesBuildPhase;
			buildActionMask = 2147483647;
			dstPath = /usr/share/man/man1/;
			dstSubfolderSpec = 0;
			files = (
			);
			runOnlyForDeploymentPostprocessing = 1;
		};
/* End PBXCopyFilesBuildPhase section */

/* Begin PBXFileReference section */
		20BF17EF24DD4E4600BE74C8 /* OpenClosePrinciple.swift */ = {isa = PBXFileReference; lastKnownFileType = sourcecode.swift; path = OpenClosePrinciple.swift; sourceTree = "<group>"; };
		20BF17F224DD56C500BE74C8 /* LiskovSubtitution.swift */ = {isa = PBXFileReference; lastKnownFileType = sourcecode.swift; path = LiskovSubtitution.swift; sourceTree = "<group>"; };
		20C5195924DD09CC000EBBAE /* FoodService.swift */ = {isa = PBXFileReference; lastKnownFileType = sourcecode.swift; path = FoodService.swift; sourceTree = "<group>"; };
		20C5195B24DD0AF7000EBBAE /* FoodExpiry.swift */ = {isa = PBXFileReference; lastKnownFileType = sourcecode.swift; path = FoodExpiry.swift; sourceTree = "<group>"; };
		20FC7A5C24DCA71E00FC942B /* Solid Code */ = {isa = PBXFileReference; explicitFileType = "compiled.mach-o.executable"; includeInIndex = 0; path = "Solid Code"; sourceTree = BUILT_PRODUCTS_DIR; };
		20FC7A5F24DCA71E00FC942B /* main.swift */ = {isa = PBXFileReference; lastKnownFileType = sourcecode.swift; path = main.swift; sourceTree = "<group>"; };
		20FC7A6624DCAC3F00FC942B /* Kucing.swift */ = {isa = PBXFileReference; lastKnownFileType = sourcecode.swift; path = Kucing.swift; sourceTree = "<group>"; };
		20FC7A6824DCB66900FC942B /* Inheritance.swift */ = {isa = PBXFileReference; lastKnownFileType = sourcecode.swift; path = Inheritance.swift; sourceTree = "<group>"; };
		20FC7A6A24DCB9AE00FC942B /* Encapsulation.swift */ = {isa = PBXFileReference; lastKnownFileType = sourcecode.swift; path = Encapsulation.swift; sourceTree = "<group>"; };
		20FC7A6C24DCBD1B00FC942B /* Polymorphism.swift */ = {isa = PBXFileReference; lastKnownFileType = sourcecode.swift; path = Polymorphism.swift; sourceTree = "<group>"; };
		20FC7A6E24DCD7F100FC942B /* Relationship.swift */ = {isa = PBXFileReference; lastKnownFileType = sourcecode.swift; path = Relationship.swift; sourceTree = "<group>"; };
/* End PBXFileReference section */

/* Begin PBXFrameworksBuildPhase section */
		20FC7A5924DCA71E00FC942B /* Frameworks */ = {
			isa = PBXFrameworksBuildPhase;
			buildActionMask = 2147483647;
			files = (
			);
			runOnlyForDeploymentPostprocessing = 0;
		};
/* End PBXFrameworksBuildPhase section */

/* Begin PBXGroup section */
		20BF17EE24DD4E3600BE74C8 /* OpenClosePrinciple */ = {
			isa = PBXGroup;
			children = (
				20BF17EF24DD4E4600BE74C8 /* OpenClosePrinciple.swift */,
			);
			path = OpenClosePrinciple;
			sourceTree = "<group>";
		};
		20BF17F124DD56AD00BE74C8 /* LiskovSubtitution */ = {
			isa = PBXGroup;
			children = (
				20BF17F224DD56C500BE74C8 /* LiskovSubtitution.swift */,
			);
			path = LiskovSubtitution;
			sourceTree = "<group>";
		};
		20C5195724DD096E000EBBAE /* OOP_Pillars */ = {
			isa = PBXGroup;
			children = (
				20FC7A6824DCB66900FC942B /* Inheritance.swift */,
				20FC7A6A24DCB9AE00FC942B /* Encapsulation.swift */,
				20FC7A6C24DCBD1B00FC942B /* Polymorphism.swift */,
			);
			path = OOP_Pillars;
			sourceTree = "<group>";
		};
		20C5195824DD0998000EBBAE /* SingleResponsibility */ = {
			isa = PBXGroup;
			children = (
				20C5195924DD09CC000EBBAE /* FoodService.swift */,
				20C5195B24DD0AF7000EBBAE /* FoodExpiry.swift */,
			);
			path = SingleResponsibility;
			sourceTree = "<group>";
		};
		20FC7A5324DCA71E00FC942B = {
			isa = PBXGroup;
			children = (
				20FC7A5E24DCA71E00FC942B /* Solid Code */,
				20FC7A5D24DCA71E00FC942B /* Products */,
			);
			sourceTree = "<group>";
		};
		20FC7A5D24DCA71E00FC942B /* Products */ = {
			isa = PBXGroup;
			children = (
				20FC7A5C24DCA71E00FC942B /* Solid Code */,
			);
			name = Products;
			sourceTree = "<group>";
		};
		20FC7A5E24DCA71E00FC942B /* Solid Code */ = {
			isa = PBXGroup;
			children = (
				20BF17F124DD56AD00BE74C8 /* LiskovSubtitution */,
				20BF17EE24DD4E3600BE74C8 /* OpenClosePrinciple */,
				20C5195824DD0998000EBBAE /* SingleResponsibility */,
				20C5195724DD096E000EBBAE /* OOP_Pillars */,
				20FC7A5F24DCA71E00FC942B /* main.swift */,
				20FC7A6624DCAC3F00FC942B /* Kucing.swift */,
				20FC7A6E24DCD7F100FC942B /* Relationship.swift */,
			);
			path = "Solid Code";
			sourceTree = "<group>";
		};
/* End PBXGroup section */

/* Begin PBXNativeTarget section */
		20FC7A5B24DCA71E00FC942B /* Solid Code */ = {
			isa = PBXNativeTarget;
			buildConfigurationList = 20FC7A6324DCA71E00FC942B /* Build configuration list for PBXNativeTarget "Solid Code" */;
			buildPhases = (
				20FC7A5824DCA71E00FC942B /* Sources */,
				20FC7A5924DCA71E00FC942B /* Frameworks */,
				20FC7A5A24DCA71E00FC942B /* CopyFiles */,
			);
			buildRules = (
			);
			dependencies = (
			);
			name = "Solid Code";
			productName = "Solid Code";
			productReference = 20FC7A5C24DCA71E00FC942B /* Solid Code */;
			productType = "com.apple.product-type.tool";
		};
/* End PBXNativeTarget section */

/* Begin PBXProject section */
		20FC7A5424DCA71E00FC942B /* Project object */ = {
			isa = PBXProject;
			attributes = {
				LastSwiftUpdateCheck = 1160;
				LastUpgradeCheck = 1160;
				ORGANIZATIONNAME = Danielprast;
				TargetAttributes = {
					20FC7A5B24DCA71E00FC942B = {
						CreatedOnToolsVersion = 11.6;
					};
				};
			};
			buildConfigurationList = 20FC7A5724DCA71E00FC942B /* Build configuration list for PBXProject "Solid Code" */;
			compatibilityVersion = "Xcode 9.3";
			developmentRegion = en;
			hasScannedForEncodings = 0;
			knownRegions = (
				en,
				Base,
			);
			mainGroup = 20FC7A5324DCA71E00FC942B;
			productRefGroup = 20FC7A5D24DCA71E00FC942B /* Products */;
			projectDirPath = "";
			projectRoot = "";
			targets = (
				20FC7A5B24DCA71E00FC942B /* Solid Code */,
			);
		};
/* End PBXProject section */

/* Begin PBXSourcesBuildPhase section */
		20FC7A5824DCA71E00FC942B /* Sources */ = {
			isa = PBXSourcesBuildPhase;
			buildActionMask = 2147483647;
			files = (
				20FC7A6B24DCB9AE00FC942B /* Encapsulation.swift in Sources */,
				20FC7A6724DCAC3F00FC942B /* Kucing.swift in Sources */,
				20FC7A6D24DCBD1B00FC942B /* Polymorphism.swift in Sources */,
				20C5195A24DD09CC000EBBAE /* FoodService.swift in Sources */,
				20BF17F324DD56C500BE74C8 /* LiskovSubtitution.swift in Sources */,
				20C5195C24DD0AF7000EBBAE /* FoodExpiry.swift in Sources */,
				20BF17F024DD4E4600BE74C8 /* OpenClosePrinciple.swift in Sources */,
				20FC7A6F24DCD7F100FC942B /* Relationship.swift in Sources */,
				20FC7A6024DCA71E00FC942B /* main.swift in Sources */,
				20FC7A6924DCB66900FC942B /* Inheritance.swift in Sources */,
			);
			runOnlyForDeploymentPostprocessing = 0;
		};
/* End PBXSourcesBuildPhase section */

/* Begin XCBuildConfiguration section */
		20FC7A6124DCA71E00FC942B /* Debug */ = {
			isa = XCBuildConfiguration;
			buildSettings = {
				ALWAYS_SEARCH_USER_PATHS = NO;
				CLANG_ANALYZER_NONNULL = YES;
				CLANG_ANALYZER_NUMBER_OBJECT_CONVERSION = YES_AGGRESSIVE;
				CLANG_CXX_LANGUAGE_STANDARD = "gnu++14";
				CLANG_CXX_LIBRARY = "libc++";
				CLANG_ENABLE_MODULES = YES;
				CLANG_ENABLE_OBJC_ARC = YES;
				CLANG_ENABLE_OBJC_WEAK = YES;
				CLANG_WARN_BLOCK_CAPTURE_AUTORELEASING = YES;
				CLANG_WARN_BOOL_CONVERSION = YES;
				CLANG_WARN_COMMA = YES;
				CLANG_WARN_CONSTANT_CONVERSION = YES;
				CLANG_WARN_DEPRECATED_OBJC_IMPLEMENTATIONS = YES;
				CLANG_WARN_DIRECT_OBJC_ISA_USAGE = YES_ERROR;
				CLANG_WARN_DOCUMENTATION_COMMENTS = YES;
				CLANG_WARN_EMPTY_BODY = YES;
				CLANG_WARN_ENUM_CONVERSION = YES;
				CLANG_WARN_INFINITE_RECURSION = YES;
				CLANG_WARN_INT_CONVERSION = YES;
				CLANG_WARN_NON_LITERAL_NULL_CONVERSION = YES;
				CLANG_WARN_OBJC_IMPLICIT_RETAIN_SELF = YES;
				CLANG_WARN_OBJC_LITERAL_CONVERSION = YES;
				CLANG_WARN_OBJC_ROOT_CLASS = YES_ERROR;
				CLANG_WARN_RANGE_LOOP_ANALYSIS = YES;
				CLANG_WARN_STRICT_PROTOTYPES = YES;
				CLANG_WARN_SUSPICIOUS_MOVE = YES;
				CLANG_WARN_UNGUARDED_AVAILABILITY = YES_AGGRESSIVE;
				CLANG_WARN_UNREACHABLE_CODE = YES;
				CLANG_WARN__DUPLICATE_METHOD_MATCH = YES;
				COPY_PHASE_STRIP = NO;
				DEBUG_INFORMATION_FORMAT = dwarf;
				ENABLE_STRICT_OBJC_MSGSEND = YES;
				ENABLE_TESTABILITY = YES;
				GCC_C_LANGUAGE_STANDARD = gnu11;
				GCC_DYNAMIC_NO_PIC = NO;
				GCC_NO_COMMON_BLOCKS = YES;
				GCC_OPTIMIZATION_LEVEL = 0;
				GCC_PREPROCESSOR_DEFINITIONS = (
					"DEBUG=1",
					"$(inherited)",
				);
				GCC_WARN_64_TO_32_BIT_CONVERSION = YES;
				GCC_WARN_ABOUT_RETURN_TYPE = YES_ERROR;
				GCC_WARN_UNDECLARED_SELECTOR = YES;
				GCC_WARN_UNINITIALIZED_AUTOS = YES_AGGRESSIVE;
				GCC_WARN_UNUSED_FUNCTION = YES;
				GCC_WARN_UNUSED_VARIABLE = YES;
				MACOSX_DEPLOYMENT_TARGET = 10.15;
				MTL_ENABLE_DEBUG_INFO = INCLUDE_SOURCE;
				MTL_FAST_MATH = YES;
				ONLY_ACTIVE_ARCH = YES;
				SDKROOT = macosx;
				SWIFT_ACTIVE_COMPILATION_CONDITIONS = DEBUG;
				SWIFT_OPTIMIZATION_LEVEL = "-Onone";
			};
			name = Debug;
		};
		20FC7A6224DCA71E00FC942B /* Release */ = {
			isa = XCBuildConfiguration;
			buildSettings = {
				ALWAYS_SEARCH_USER_PATHS = NO;
				CLANG_ANALYZER_NONNULL = YES;
				CLANG_ANALYZER_NUMBER_OBJECT_CONVERSION = YES_AGGRESSIVE;
				CLANG_CXX_LANGUAGE_STANDARD = "gnu++14";
				CLANG_CXX_LIBRARY = "libc++";
				CLANG_ENABLE_MODULES = YES;
				CLANG_ENABLE_OBJC_ARC = YES;
				CLANG_ENABLE_OBJC_WEAK = YES;
				CLANG_WARN_BLOCK_CAPTURE_AUTORELEASING = YES;
				CLANG_WARN_BOOL_CONVERSION = YES;
				CLANG_WARN_COMMA = YES;
				CLANG_WARN_CONSTANT_CONVERSION = YES;
				CLANG_WARN_DEPRECATED_OBJC_IMPLEMENTATIONS = YES;
				CLANG_WARN_DIRECT_OBJC_ISA_USAGE = YES_ERROR;
				CLANG_WARN_DOCUMENTATION_COMMENTS = YES;
				CLANG_WARN_EMPTY_BODY = YES;
				CLANG_WARN_ENUM_CONVERSION = YES;
				CLANG_WARN_INFINITE_RECURSION = YES;
				CLANG_WARN_INT_CONVERSION = YES;
				CLANG_WARN_NON_LITERAL_NULL_CONVERSION = YES;
				CLANG_WARN_OBJC_IMPLICIT_RETAIN_SELF = YES;
				CLANG_WARN_OBJC_LITERAL_CONVERSION = YES;
				CLANG_WARN_OBJC_ROOT_CLASS = YES_ERROR;
				CLANG_WARN_RANGE_LOOP_ANALYSIS = YES;
				CLANG_WARN_STRICT_PROTOTYPES = YES;
				CLANG_WARN_SUSPICIOUS_MOVE = YES;
				CLANG_WARN_UNGUARDED_AVAILABILITY = YES_AGGRESSIVE;
				CLANG_WARN_UNREACHABLE_CODE = YES;
				CLANG_WARN__DUPLICATE_METHOD_MATCH = YES;
				COPY_PHASE_STRIP = NO;
				DEBUG_INFORMATION_FORMAT = "dwarf-with-dsym";
				ENABLE_NS_ASSERTIONS = NO;
				ENABLE_STRICT_OBJC_MSGSEND = YES;
				GCC_C_LANGUAGE_STANDARD = gnu11;
				GCC_NO_COMMON_BLOCKS = YES;
				GCC_WARN_64_TO_32_BIT_CONVERSION = YES;
				GCC_WARN_ABOUT_RETURN_TYPE = YES_ERROR;
				GCC_WARN_UNDECLARED_SELECTOR = YES;
				GCC_WARN_UNINITIALIZED_AUTOS = YES_AGGRESSIVE;
				GCC_WARN_UNUSED_FUNCTION = YES;
				GCC_WARN_UNUSED_VARIABLE = YES;
				MACOSX_DEPLOYMENT_TARGET = 10.15;
				MTL_ENABLE_DEBUG_INFO = NO;
				MTL_FAST_MATH = YES;
				SDKROOT = macosx;
				SWIFT_COMPILATION_MODE = wholemodule;
				SWIFT_OPTIMIZATION_LEVEL = "-O";
			};
			name = Release;
		};
		20FC7A6424DCA71E00FC942B /* Debug */ = {
			isa = XCBuildConfiguration;
			buildSettings = {
				CODE_SIGN_STYLE = Automatic;
				PRODUCT_NAME = "$(TARGET_NAME)";
				SWIFT_VERSION = 5.0;
			};
			name = Debug;
		};
		20FC7A6524DCA71E00FC942B /* Release */ = {
			isa = XCBuildConfiguration;
			buildSettings = {
				CODE_SIGN_STYLE = Automatic;
				PRODUCT_NAME = "$(TARGET_NAME)";
				SWIFT_VERSION = 5.0;
			};
			name = Release;
		};
/* End XCBuildConfiguration section */

/* Begin XCConfigurationList section */
		20FC7A5724DCA71E00FC942B /* Build configuration list for PBXProject "Solid Code" */ = {
			isa = XCConfigurationList;
			buildConfigurations = (
				20FC7A6124DCA71E00FC942B /* Debug */,
				20FC7A6224DCA71E00FC942B /* Release */,
			);
			defaultConfigurationIsVisible = 0;
			defaultConfigurationName = Release;
		};
		20FC7A6324DCA71E00FC942B /* Build configuration list for PBXNativeTarget "Solid Code" */ = {
			isa = XCConfigurationList;
			buildConfigurations = (
				20FC7A6424DCA71E00FC942B /* Debug */,
				20FC7A6524DCA71E00FC942B /* Release */,
			);
			defaultConfigurationIsVisible = 0;
			defaultConfigurationName = Release;
		};
/* End XCConfigurationList section */
	};
	rootObject = 20FC7A5424DCA71E00FC942B /* Project object */;
}
